
Microsoft Visual Studio Solution File, Format Version 12.00
# Visual Studio Version 16
VisualStudioVersion = 16.0.30011.22
MinimumVisualStudioVersion = 10.0.40219.1
Project("{FAE04EC0-301F-11D3-BF4B-00C04F79EFBC}") = "correo", "correo\correo.csproj", "{F751D00B-E3AC-4439-A79D-37CEF86BE7C2}"
EndProject
Project("{FAE04EC0-301F-11D3-BF4B-00C04F79EFBC}") = "BLL", "BLL\BLL.csproj", "{923EB738-4BC8-4FFB-86D4-C91BE6EC4C70}"
EndProject
Global
	GlobalSection(SolutionConfigurationPlatforms) = preSolution
		Debug|Any CPU = Debug|Any CPU
		Release|Any CPU = Release|Any CPU
	EndGlobalSection
	GlobalSection(ProjectConfigurationPlatforms) = postSolution
		{F751D00B-E3AC-4439-A79D-37CEF86BE7C2}.Debug|Any CPU.ActiveCfg = Debug|Any CPU
		{F751D00B-E3AC-4439-A79D-37CEF86BE7C2}.Debug|Any CPU.Build.0 = Debug|Any CPU
		{F751D00B-E3AC-4439-A79D-37CEF86BE7C2}.Release|Any CPU.ActiveCfg = Release|Any CPU
		{F751D00B-E3AC-4439-A79D-37CEF86BE7C2}.Release|Any CPU.Build.0 = Release|Any CPU
		{923EB738-4BC8-4FFB-86D4-C91BE6EC4C70}.Debug|Any CPU.ActiveCfg = Debug|Any CPU
		{923EB738-4BC8-4FFB-86D4-C91BE6EC4C70}.Debug|Any CPU.Build.0 = Debug|Any CPU
		{923EB738-4BC8-4FFB-86D4-C91BE6EC4C70}.Release|Any CPU.ActiveCfg = Release|Any CPU
		{923EB738-4BC8-4FFB-86D4-C91BE6EC4C70}.Release|Any CPU.Build.0 = Release|Any CPU
	EndGlobalSection
	GlobalSection(SolutionProperties) = preSolution
		HideSolutionNode = FALSE
	EndGlobalSection
	GlobalSection(ExtensibilityGlobals) = postSolution
		SolutionGuid = {5DF704DB-68FE-498C-BE40-BA9AEACC2E91}
	EndGlobalSection
EndGlobal
